<?xml version="1.0" encoding="utf-8"?>
<Project ToolsVersion="4.0" xmlns="http://schemas.microsoft.com/developer/msbuild/2003">
  <ItemGroup>
    <Filter Include="소스 파일">
      <UniqueIdentifier>{4FC737F1-C7A5-4376-A066-2A32D752A2FF}</UniqueIdentifier>
      <Extensions>cpp;c;cc;cxx;c++;cppm;ixx;def;odl;idl;hpj;bat;asm;asmx</Extensions>
    </Filter>
    <Filter Include="헤더 파일">
      <UniqueIdentifier>{93995380-89BD-4b04-88EB-625FBE52EBFB}</UniqueIdentifier>
      <Extensions>h;hh;hpp;hxx;h++;hm;inl;inc;ipp;xsd</Extensions>
    </Filter>
    <Filter Include="리소스 파일">
      <UniqueIdentifier>{67DA6AB6-F800-4c08-8B7A-83BB121AAD01}</UniqueIdentifier>
      <Extensions>rc;ico;cur;bmp;dlg;rc2;rct;bin;rgs;gif;jpg;jpeg;jpe;resx;tiff;tif;png;wav;mfcribbon-ms</Extensions>
    </Filter>
  </ItemGroup>
  <ItemGroup>
    <ClInclude Include="framework\targetver.h">
      <Filter>헤더 파일</Filter>
    </ClInclude>
    <ClInclude Include="framework\Resource.h">
      <Filter>헤더 파일</Filter>
    </ClInclude>
    <ClInclude Include="framework\Types.h">
      <Filter>헤더 파일</Filter>
    </ClInclude>
    <ClInclude Include="framework\pch.h">
      <Filter>헤더 파일</Filter>
    </ClInclude>
    <ClInclude Include="content\AStar.h">
      <Filter>헤더 파일</Filter>
    </ClInclude>
    <ClInclude Include="framework\framework.h">
      <Filter>헤더 파일</Filter>
    </ClInclude>
    <ClInclude Include="framework\Game.h">
      <Filter>헤더 파일</Filter>
    </ClInclude>
    <ClInclude Include="framework\GameState.h">
      <Filter>헤더 파일</Filter>
    </ClInclude>
    <ClInclude Include="framework\Singleton.h">
      <Filter>헤더 파일</Filter>
    </ClInclude>
    <ClInclude Include="content\PlayerState.h">
      <Filter>헤더 파일</Filter>
    </ClInclude>
    <ClInclude Include="content\Player.h">
      <Filter>헤더 파일</Filter>
    </ClInclude>
    <ClInclude Include="content\Monster.h">
      <Filter>헤더 파일</Filter>
    </ClInclude>
    <ClInclude Include="framework\wndBase.h">
      <Filter>헤더 파일</Filter>
    </ClInclude>
    <ClInclude Include="framework\inc_windows.h">
      <Filter>헤더 파일</Filter>
    </ClInclude>
    <ClInclude Include="framework\AStar.h">
      <Filter>헤더 파일</Filter>
    </ClInclude>
    <ClInclude Include="framework\Monster.h">
      <Filter>헤더 파일</Filter>
    </ClInclude>
    <ClInclude Include="framework\Player.h">
      <Filter>헤더 파일</Filter>
    </ClInclude>
    <ClInclude Include="framework\PlayerState.h">
      <Filter>헤더 파일</Filter>
    </ClInclude>
  </ItemGroup>
  <ItemGroup>
    <ClCompile Include="content\AStar.cpp">
      <Filter>소스 파일</Filter>
    </ClCompile>
    <ClCompile Include="framework\Game.cpp">
      <Filter>소스 파일</Filter>
    </ClCompile>
    <ClCompile Include="content\Player.cpp">
      <Filter>소스 파일</Filter>
    </ClCompile>
    <ClCompile Include="content\Monster.cpp">
      <Filter>소스 파일</Filter>
    </ClCompile>
    <ClCompile Include="content\main.cpp">
      <Filter>소스 파일</Filter>
    </ClCompile>
    <ClCompile Include="framework\wndBase.cpp">
      <Filter>소스 파일</Filter>
    </ClCompile>
    <ClCompile Include="framework\AStar.cpp">
      <Filter>소스 파일</Filter>
    </ClCompile>
    <ClCompile Include="framework\Monster.cpp">
      <Filter>소스 파일</Filter>
    </ClCompile>
    <ClCompile Include="framework\Player.cpp">
      <Filter>소스 파일</Filter>
    </ClCompile>
    <ClCompile Include="main.cpp">
      <Filter>소스 파일</Filter>
    </ClCompile>
  </ItemGroup>
  <ItemGroup>
    <ResourceCompile Include="resource\WinAPI.rc">
      <Filter>리소스 파일</Filter>
    </ResourceCompile>
  </ItemGroup>
  <ItemGroup>
    <Image Include="resource\aisle.bmp">
      <Filter>리소스 파일</Filter>
    </Image>
    <Image Include="resource\black.bmp">
      <Filter>리소스 파일</Filter>
    </Image>
    <Image Include="resource\brick.bmp">
      <Filter>리소스 파일</Filter>
    </Image>
    <Image Include="resource\bullet.bmp">
      <Filter>리소스 파일</Filter>
    </Image>
    <Image Include="resource\ch1.bmp">
      <Filter>리소스 파일</Filter>
    </Image>
    <Image Include="resource\ch2.bmp">
      <Filter>리소스 파일</Filter>
    </Image>
    <Image Include="resource\ch3.bmp">
      <Filter>리소스 파일</Filter>
    </Image>
    <Image Include="resource\ch4.bmp">
      <Filter>리소스 파일</Filter>
    </Image>
    <Image Include="resource\ch5.bmp">
      <Filter>리소스 파일</Filter>
    </Image>
    <Image Include="resource\ch6.bmp">
      <Filter>리소스 파일</Filter>
    </Image>
    <Image Include="resource\ch7.bmp">
      <Filter>리소스 파일</Filter>
    </Image>
    <Image Include="resource\character1.bmp">
      <Filter>리소스 파일</Filter>
    </Image>
    <Image Include="resource\character2.bmp">
      <Filter>리소스 파일</Filter>
    </Image>
    <Image Include="resource\dead.bmp">
      <Filter>리소스 파일</Filter>
    </Image>
    <Image Include="resource\goal.bmp">
      <Filter>리소스 파일</Filter>
    </Image>
    <Image Include="resource\goalleft.bmp">
      <Filter>리소스 파일</Filter>
    </Image>
    <Image Include="resource\goalright.bmp">
      <Filter>리소스 파일</Filter>
    </Image>
    <Image Include="resource\goalup.bmp">
      <Filter>리소스 파일</Filter>
    </Image>
    <Image Include="resource\small.ico">
      <Filter>리소스 파일</Filter>
    </Image>
    <Image Include="resource\WinAPI.ico">
      <Filter>리소스 파일</Filter>
    </Image>
  </ItemGroup>
</Project>